
Microsoft Visual Studio Solution File, Format Version 12.00
# Visual Studio Version 16
VisualStudioVersion = 16.0.34729.46
MinimumVisualStudioVersion = 10.0.40219.1
Project("{FAE04EC0-301F-11D3-BF4B-00C04F79EFBC}") = "Lab16", "Lab16.csproj", "{CDEAFE7D-65AF-4123-9183-D6CA6D303A8D}"
EndProject
Global
	GlobalSection(SolutionConfigurationPlatforms) = preSolution
		Debug|Any CPU = Debug|Any CPU
		Release|Any CPU = Release|Any CPU
	EndGlobalSection
	GlobalSection(ProjectConfigurationPlatforms) = postSolution
		{CDEAFE7D-65AF-4123-9183-D6CA6D303A8D}.Debug|Any CPU.ActiveCfg = Debug|Any CPU
		{CDEAFE7D-65AF-4123-9183-D6CA6D303A8D}.Debug|Any CPU.Build.0 = Debug|Any CPU
		{CDEAFE7D-65AF-4123-9183-D6CA6D303A8D}.Release|Any CPU.ActiveCfg = Release|Any CPU
		{CDEAFE7D-65AF-4123-9183-D6CA6D303A8D}.Release|Any CPU.Build.0 = Release|Any CPU
	EndGlobalSection
	GlobalSection(SolutionProperties) = preSolution
		HideSolutionNode = FALSE
	EndGlobalSection
	GlobalSection(ExtensibilityGlobals) = postSolution
		SolutionGuid = {AF89D46F-E36E-4E65-9831-CD84E4743695}
	EndGlobalSection
EndGlobal
