
Microsoft Visual Studio Solution File, Format Version 12.00
# Visual Studio Version 16
VisualStudioVersion = 16.0.30114.105
MinimumVisualStudioVersion = 10.0.40219.1
Project("{FAE04EC0-301F-11D3-BF4B-00C04F79EFBC}") = "PMSManager", "PMSManager\PMSManager.csproj", "{326C281D-DC84-436C-B94F-43B9DC060C07}"
EndProject
Project("{FAE04EC0-301F-11D3-BF4B-00C04F79EFBC}") = "PMSModels", "PMSModels\PMSModels.csproj", "{46E81C10-518D-4794-BACC-BBFF986E5F82}"
EndProject
Global
	GlobalSection(SolutionConfigurationPlatforms) = preSolution
		Debug|Any CPU = Debug|Any CPU
		Release|Any CPU = Release|Any CPU
	EndGlobalSection
	GlobalSection(ProjectConfigurationPlatforms) = postSolution
		{326C281D-DC84-436C-B94F-43B9DC060C07}.Debug|Any CPU.ActiveCfg = Debug|Any CPU
		{326C281D-DC84-436C-B94F-43B9DC060C07}.Debug|Any CPU.Build.0 = Debug|Any CPU
		{326C281D-DC84-436C-B94F-43B9DC060C07}.Release|Any CPU.ActiveCfg = Release|Any CPU
		{326C281D-DC84-436C-B94F-43B9DC060C07}.Release|Any CPU.Build.0 = Release|Any CPU
		{46E81C10-518D-4794-BACC-BBFF986E5F82}.Debug|Any CPU.ActiveCfg = Debug|Any CPU
		{46E81C10-518D-4794-BACC-BBFF986E5F82}.Debug|Any CPU.Build.0 = Debug|Any CPU
		{46E81C10-518D-4794-BACC-BBFF986E5F82}.Release|Any CPU.ActiveCfg = Release|Any CPU
		{46E81C10-518D-4794-BACC-BBFF986E5F82}.Release|Any CPU.Build.0 = Release|Any CPU
	EndGlobalSection
	GlobalSection(SolutionProperties) = preSolution
		HideSolutionNode = FALSE
	EndGlobalSection
	GlobalSection(ExtensibilityGlobals) = postSolution
		SolutionGuid = {7D4959B8-BF46-4C55-8F8F-B17600095CDF}
	EndGlobalSection
EndGlobal
