
Microsoft Visual Studio Solution File, Format Version 12.00
# Visual Studio Version 16
VisualStudioVersion = 16.0.34729.46
MinimumVisualStudioVersion = 10.0.40219.1
Project("{FAE04EC0-301F-11D3-BF4B-00C04F79EFBC}") = "Exercise1_AIEngagement", "Exercise1_AIEngagement\Exercise1_AIEngagement.csproj", "{90FE49E5-71A8-4084-AD4F-88836A96A8E1}"
EndProject
Project("{FAE04EC0-301F-11D3-BF4B-00C04F79EFBC}") = "Exercise2_InsuranceRegression", "Exercise2_InsuranceRegression\Exercise2_InsuranceRegression.csproj", "{F7C9BD52-AF7A-4045-9733-9F8521283843}"
EndProject
Project("{FAE04EC0-301F-11D3-BF4B-00C04F79EFBC}") = "Exercise3_StudentClustering", "Exercise3_StudentClustering\Exercise3_StudentClustering.csproj", "{059AC686-48DB-4D55-82E3-195083937DD0}"
EndProject
Global
	GlobalSection(SolutionConfigurationPlatforms) = preSolution
		Debug|Any CPU = Debug|Any CPU
		Release|Any CPU = Release|Any CPU
	EndGlobalSection
	GlobalSection(ProjectConfigurationPlatforms) = postSolution
		{90FE49E5-71A8-4084-AD4F-88836A96A8E1}.Debug|Any CPU.ActiveCfg = Debug|Any CPU
		{90FE49E5-71A8-4084-AD4F-88836A96A8E1}.Debug|Any CPU.Build.0 = Debug|Any CPU
		{90FE49E5-71A8-4084-AD4F-88836A96A8E1}.Release|Any CPU.ActiveCfg = Release|Any CPU
		{90FE49E5-71A8-4084-AD4F-88836A96A8E1}.Release|Any CPU.Build.0 = Release|Any CPU
		{F7C9BD52-AF7A-4045-9733-9F8521283843}.Debug|Any CPU.ActiveCfg = Debug|Any CPU
		{F7C9BD52-AF7A-4045-9733-9F8521283843}.Debug|Any CPU.Build.0 = Debug|Any CPU
		{F7C9BD52-AF7A-4045-9733-9F8521283843}.Release|Any CPU.ActiveCfg = Release|Any CPU
		{F7C9BD52-AF7A-4045-9733-9F8521283843}.Release|Any CPU.Build.0 = Release|Any CPU
		{059AC686-48DB-4D55-82E3-195083937DD0}.Debug|Any CPU.ActiveCfg = Debug|Any CPU
		{059AC686-48DB-4D55-82E3-195083937DD0}.Debug|Any CPU.Build.0 = Debug|Any CPU
		{059AC686-48DB-4D55-82E3-195083937DD0}.Release|Any CPU.ActiveCfg = Release|Any CPU
		{059AC686-48DB-4D55-82E3-195083937DD0}.Release|Any CPU.Build.0 = Release|Any CPU
	EndGlobalSection
	GlobalSection(SolutionProperties) = preSolution
		HideSolutionNode = FALSE
	EndGlobalSection
	GlobalSection(ExtensibilityGlobals) = postSolution
		SolutionGuid = {D8EE4BE4-7AC9-4B47-AD12-30E7A2B871DD}
	EndGlobalSection
EndGlobal
