
Microsoft Visual Studio Solution File, Format Version 12.00
# Visual Studio Version 16
VisualStudioVersion = 16.0.34729.46
MinimumVisualStudioVersion = 10.0.40219.1
Project("{FAE04EC0-301F-11D3-BF4B-00C04F79EFBC}") = "Lab9", "Lab9.csproj", "{53400CA4-5062-4797-99D8-1A7F81564B4C}"
EndProject
Global
	GlobalSection(SolutionConfigurationPlatforms) = preSolution
		Debug|Any CPU = Debug|Any CPU
		Release|Any CPU = Release|Any CPU
	EndGlobalSection
	GlobalSection(ProjectConfigurationPlatforms) = postSolution
		{53400CA4-5062-4797-99D8-1A7F81564B4C}.Debug|Any CPU.ActiveCfg = Debug|Any CPU
		{53400CA4-5062-4797-99D8-1A7F81564B4C}.Debug|Any CPU.Build.0 = Debug|Any CPU
		{53400CA4-5062-4797-99D8-1A7F81564B4C}.Release|Any CPU.ActiveCfg = Release|Any CPU
		{53400CA4-5062-4797-99D8-1A7F81564B4C}.Release|Any CPU.Build.0 = Release|Any CPU
	EndGlobalSection
	GlobalSection(SolutionProperties) = preSolution
		HideSolutionNode = FALSE
	EndGlobalSection
	GlobalSection(ExtensibilityGlobals) = postSolution
		SolutionGuid = {2A4537DE-06EB-4552-AA54-9DADB025F24D}
	EndGlobalSection
EndGlobal
