
Microsoft Visual Studio Solution File, Format Version 12.00
# Visual Studio Version 16
VisualStudioVersion = 16.0.34729.46
MinimumVisualStudioVersion = 10.0.40219.1
Project("{FAE04EC0-301F-11D3-BF4B-00C04F79EFBC}") = "FinalTest", "FinalTest.csproj", "{127ABC46-5C67-4AD0-90ED-72C6DC6BACC1}"
EndProject
Global
	GlobalSection(SolutionConfigurationPlatforms) = preSolution
		Debug|Any CPU = Debug|Any CPU
		Release|Any CPU = Release|Any CPU
	EndGlobalSection
	GlobalSection(ProjectConfigurationPlatforms) = postSolution
		{127ABC46-5C67-4AD0-90ED-72C6DC6BACC1}.Debug|Any CPU.ActiveCfg = Debug|Any CPU
		{127ABC46-5C67-4AD0-90ED-72C6DC6BACC1}.Debug|Any CPU.Build.0 = Debug|Any CPU
		{127ABC46-5C67-4AD0-90ED-72C6DC6BACC1}.Release|Any CPU.ActiveCfg = Release|Any CPU
		{127ABC46-5C67-4AD0-90ED-72C6DC6BACC1}.Release|Any CPU.Build.0 = Release|Any CPU
	EndGlobalSection
	GlobalSection(SolutionProperties) = preSolution
		HideSolutionNode = FALSE
	EndGlobalSection
	GlobalSection(ExtensibilityGlobals) = postSolution
		SolutionGuid = {E4D3870D-AB2D-4418-9375-9071935B6166}
	EndGlobalSection
EndGlobal
