
Microsoft Visual Studio Solution File, Format Version 12.00
# Visual Studio Version 16
VisualStudioVersion = 16.0.34729.46
MinimumVisualStudioVersion = 10.0.40219.1
Project("{FAE04EC0-301F-11D3-BF4B-00C04F79EFBC}") = "Lab21", "Lab21.csproj", "{1F67D191-16F7-4BC5-B541-34BA64E028A3}"
EndProject
Global
	GlobalSection(SolutionConfigurationPlatforms) = preSolution
		Debug|Any CPU = Debug|Any CPU
		Release|Any CPU = Release|Any CPU
	EndGlobalSection
	GlobalSection(ProjectConfigurationPlatforms) = postSolution
		{1F67D191-16F7-4BC5-B541-34BA64E028A3}.Debug|Any CPU.ActiveCfg = Debug|Any CPU
		{1F67D191-16F7-4BC5-B541-34BA64E028A3}.Debug|Any CPU.Build.0 = Debug|Any CPU
		{1F67D191-16F7-4BC5-B541-34BA64E028A3}.Release|Any CPU.ActiveCfg = Release|Any CPU
		{1F67D191-16F7-4BC5-B541-34BA64E028A3}.Release|Any CPU.Build.0 = Release|Any CPU
	EndGlobalSection
	GlobalSection(SolutionProperties) = preSolution
		HideSolutionNode = FALSE
	EndGlobalSection
	GlobalSection(ExtensibilityGlobals) = postSolution
		SolutionGuid = {B80F579A-ADF0-438A-9156-8A2E27A9E49B}
	EndGlobalSection
EndGlobal
